// !$*UTF8*$!
{
	archiveVersion = 1;
	classes = {
	};
	objectVersion = 56;
	objects = {

/* Begin PBXBuildFile section */
		9DD909AD2A7BA8620015E2FB /* AppDelegate.swift in Sources */ = {isa = PBXBuildFile; fileRef = 9DD909AC2A7BA8620015E2FB /* AppDelegate.swift */; };
		9DD909AF2A7BA8620015E2FB /* GameScene.sks in Resources */ = {isa = PBXBuildFile; fileRef = 9DD909AE2A7BA8620015E2FB /* GameScene.sks */; };
		9DD909B12A7BA8620015E2FB /* Actions.sks in Resources */ = {isa = PBXBuildFile; fileRef = 9DD909B02A7BA8620015E2FB /* Actions.sks */; };
		9DD909B32A7BA8620015E2FB /* GameScene.swift in Sources */ = {isa = PBXBuildFile; fileRef = 9DD909B22A7BA8620015E2FB /* GameScene.swift */; };
		9DD909B52A7BA8620015E2FB /* GameViewController.swift in Sources */ = {isa = PBXBuildFile; fileRef = 9DD909B42A7BA8620015E2FB /* GameViewController.swift */; };
		9DD909B82A7BA8620015E2FB /* Main.storyboard in Resources */ = {isa = PBXBuildFile; fileRef = 9DD909B62A7BA8620015E2FB /* Main.storyboard */; };
		9DD909BA2A7BA8630015E2FB /* Assets.xcassets in Resources */ = {isa = PBXBuildFile; fileRef = 9DD909B92A7BA8630015E2FB /* Assets.xcassets */; };
		9DD909BD2A7BA8630015E2FB /* LaunchScreen.storyboard in Resources */ = {isa = PBXBuildFile; fileRef = 9DD909BB2A7BA8630015E2FB /* LaunchScreen.storyboard */; };
		9DD909C72A7BA8630015E2FB /* Astro_1Tests.swift in Sources */ = {isa = PBXBuildFile; fileRef = 9DD909C62A7BA8630015E2FB /* Astro_1Tests.swift */; };
		9DD909D12A7BA8630015E2FB /* Astro_1UITests.swift in Sources */ = {isa = PBXBuildFile; fileRef = 9DD909D02A7BA8630015E2FB /* Astro_1UITests.swift */; };
		9DD909D32A7BA8630015E2FB /* Astro_1UITestsLaunchTests.swift in Sources */ = {isa = PBXBuildFile; fileRef = 9DD909D22A7BA8630015E2FB /* Astro_1UITestsLaunchTests.swift */; };
/* End PBXBuildFile section */

/* Begin PBXContainerItemProxy section */
		9DD909C32A7BA8630015E2FB /* PBXContainerItemProxy */ = {
			isa = PBXContainerItemProxy;
			containerPortal = 9DD909A12A7BA8620015E2FB /* Project object */;
			proxyType = 1;
			remoteGlobalIDString = 9DD909A82A7BA8620015E2FB;
			remoteInfo = "Astro 1";
		};
		9DD909CD2A7BA8630015E2FB /* PBXContainerItemProxy */ = {
			isa = PBXContainerItemProxy;
			containerPortal = 9DD909A12A7BA8620015E2FB /* Project object */;
			proxyType = 1;
			remoteGlobalIDString = 9DD909A82A7BA8620015E2FB;
			remoteInfo = "Astro 1";
		};
/* End PBXContainerItemProxy section */

/* Begin PBXFileReference section */
		9DD909A92A7BA8620015E2FB /* Astro 1.app */ = {isa = PBXFileReference; explicitFileType = wrapper.application; includeInIndex = 0; path = "Astro 1.app"; sourceTree = BUILT_PRODUCTS_DIR; };
		9DD909AC2A7BA8620015E2FB /* AppDelegate.swift */ = {isa = PBXFileReference; lastKnownFileType = sourcecode.swift; path = AppDelegate.swift; sourceTree = "<group>"; };
		9DD909AE2A7BA8620015E2FB /* GameScene.sks */ = {isa = PBXFileReference; lastKnownFileType = file.sks; path = GameScene.sks; sourceTree = "<group>"; };
		9DD909B02A7BA8620015E2FB /* Actions.sks */ = {isa = PBXFileReference; lastKnownFileType = file.sks; path = Actions.sks; sourceTree = "<group>"; };
		9DD909B22A7BA8620015E2FB /* GameScene.swift */ = {isa = PBXFileReference; lastKnownFileType = sourcecode.swift; path = GameScene.swift; sourceTree = "<group>"; };
		9DD909B42A7BA8620015E2FB /* GameViewController.swift */ = {isa = PBXFileReference; lastKnownFileType = sourcecode.swift; path = GameViewController.swift; sourceTree = "<group>"; };
		9DD909B72A7BA8620015E2FB /* Base */ = {isa = PBXFileReference; lastKnownFileType = file.storyboard; name = Base; path = Base.lproj/Main.storyboard; sourceTree = "<group>"; };
		9DD909B92A7BA8630015E2FB /* Assets.xcassets */ = {isa = PBXFileReference; lastKnownFileType = folder.assetcatalog; path = Assets.xcassets; sourceTree = "<group>"; };
		9DD909BC2A7BA8630015E2FB /* Base */ = {isa = PBXFileReference; lastKnownFileType = file.storyboard; name = Base; path = Base.lproj/LaunchScreen.storyboard; sourceTree = "<group>"; };
		9DD909C22A7BA8630015E2FB /* Astro 1Tests.xctest */ = {isa = PBXFileReference; explicitFileType = wrapper.cfbundle; includeInIndex = 0; path = "Astro 1Tests.xctest"; sourceTree = BUILT_PRODUCTS_DIR; };
		9DD909C62A7BA8630015E2FB /* Astro_1Tests.swift */ = {isa = PBXFileReference; lastKnownFileType = sourcecode.swift; path = Astro_1Tests.swift; sourceTree = "<group>"; };
		9DD909CC2A7BA8630015E2FB /* Astro 1UITests.xctest */ = {isa = PBXFileReference; explicitFileType = wrapper.cfbundle; includeInIndex = 0; path = "Astro 1UITests.xctest"; sourceTree = BUILT_PRODUCTS_DIR; };
		9DD909D02A7BA8630015E2FB /* Astro_1UITests.swift */ = {isa = PBXFileReference; lastKnownFileType = sourcecode.swift; path = Astro_1UITests.swift; sourceTree = "<group>"; };
		9DD909D22A7BA8630015E2FB /* Astro_1UITestsLaunchTests.swift */ = {isa = PBXFileReference; lastKnownFileType = sourcecode.swift; path = Astro_1UITestsLaunchTests.swift; sourceTree = "<group>"; };
/* End PBXFileReference section */

/* Begin PBXFrameworksBuildPhase section */
		9DD909A62A7BA8620015E2FB /* Frameworks */ = {
			isa = PBXFrameworksBuildPhase;
			buildActionMask = 2147483647;
			files = (
			);
			runOnlyForDeploymentPostprocessing = 0;
		};
		9DD909BF2A7BA8630015E2FB /* Frameworks */ = {
			isa = PBXFrameworksBuildPhase;
			buildActionMask = 2147483647;
			files = (
			);
			runOnlyForDeploymentPostprocessing = 0;
		};
		9DD909C92A7BA8630015E2FB /* Frameworks */ = {
			isa = PBXFrameworksBuildPhase;
			buildActionMask = 2147483647;
			files = (
			);
			runOnlyForDeploymentPostprocessing = 0;
		};
/* End PBXFrameworksBuildPhase section */

/* Begin PBXGroup section */
		9DD909A02A7BA8620015E2FB = {
			isa = PBXGroup;
			children = (
				9DD909AB2A7BA8620015E2FB /* Astro 1 */,
				9DD909C52A7BA8630015E2FB /* Astro 1Tests */,
				9DD909CF2A7BA8630015E2FB /* Astro 1UITests */,
				9DD909AA2A7BA8620015E2FB /* Products */,
			);
			sourceTree = "<group>";
		};
		9DD909AA2A7BA8620015E2FB /* Products */ = {
			isa = PBXGroup;
			children = (
				9DD909A92A7BA8620015E2FB /* Astro 1.app */,
				9DD909C22A7BA8630015E2FB /* Astro 1Tests.xctest */,
				9DD909CC2A7BA8630015E2FB /* Astro 1UITests.xctest */,
			);
			name = Products;
			sourceTree = "<group>";
		};
		9DD909AB2A7BA8620015E2FB /* Astro 1 */ = {
			isa = PBXGroup;
			children = (
				9DD909AC2A7BA8620015E2FB /* AppDelegate.swift */,
				9DD909AE2A7BA8620015E2FB /* GameScene.sks */,
				9DD909B02A7BA8620015E2FB /* Actions.sks */,
				9DD909B22A7BA8620015E2FB /* GameScene.swift */,
				9DD909B42A7BA8620015E2FB /* GameViewController.swift */,
				9DD909B62A7BA8620015E2FB /* Main.storyboard */,
				9DD909B92A7BA8630015E2FB /* Assets.xcassets */,
				9DD909BB2A7BA8630015E2FB /* LaunchScreen.storyboard */,
			);
			path = "Astro 1";
			sourceTree = "<group>";
		};
		9DD909C52A7BA8630015E2FB /* Astro 1Tests */ = {
			isa = PBXGroup;
			children = (
				9DD909C62A7BA8630015E2FB /* Astro_1Tests.swift */,
			);
			path = "Astro 1Tests";
			sourceTree = "<group>";
		};
		9DD909CF2A7BA8630015E2FB /* Astro 1UITests */ = {
			isa = PBXGroup;
			children = (
				9DD909D02A7BA8630015E2FB /* Astro_1UITests.swift */,
				9DD909D22A7BA8630015E2FB /* Astro_1UITestsLaunchTests.swift */,
			);
			path = "Astro 1UITests";
			sourceTree = "<group>";
		};
/* End PBXGroup section */

/* Begin PBXNativeTarget section */
		9DD909A82A7BA8620015E2FB /* Astro 1 */ = {
			isa = PBXNativeTarget;
			buildConfigurationList = 9DD909D62A7BA8630015E2FB /* Build configuration list for PBXNativeTarget "Astro 1" */;
			buildPhases = (
				9DD909A52A7BA8620015E2FB /* Sources */,
				9DD909A62A7BA8620015E2FB /* Frameworks */,
				9DD909A72A7BA8620015E2FB /* Resources */,
			);
			buildRules = (
			);
			dependencies = (
			);
			name = "Astro 1";
			productName = "Astro 1";
			productReference = 9DD909A92A7BA8620015E2FB /* Astro 1.app */;
			productType = "com.apple.product-type.application";
		};
		9DD909C12A7BA8630015E2FB /* Astro 1Tests */ = {
			isa = PBXNativeTarget;
			buildConfigurationList = 9DD909D92A7BA8630015E2FB /* Build configuration list for PBXNativeTarget "Astro 1Tests" */;
			buildPhases = (
				9DD909BE2A7BA8630015E2FB /* Sources */,
				9DD909BF2A7BA8630015E2FB /* Frameworks */,
				9DD909C02A7BA8630015E2FB /* Resources */,
			);
			buildRules = (
			);
			dependencies = (
				9DD909C42A7BA8630015E2FB /* PBXTargetDependency */,
			);
			name = "Astro 1Tests";
			productName = "Astro 1Tests";
			productReference = 9DD909C22A7BA8630015E2FB /* Astro 1Tests.xctest */;
			productType = "com.apple.product-type.bundle.unit-test";
		};
		9DD909CB2A7BA8630015E2FB /* Astro 1UITests */ = {
			isa = PBXNativeTarget;
			buildConfigurationList = 9DD909DC2A7BA8630015E2FB /* Build configuration list for PBXNativeTarget "Astro 1UITests" */;
			buildPhases = (
				9DD909C82A7BA8630015E2FB /* Sources */,
				9DD909C92A7BA8630015E2FB /* Frameworks */,
				9DD909CA2A7BA8630015E2FB /* Resources */,
			);
			buildRules = (
			);
			dependencies = (
				9DD909CE2A7BA8630015E2FB /* PBXTargetDependency */,
			);
			name = "Astro 1UITests";
			productName = "Astro 1UITests";
			productReference = 9DD909CC2A7BA8630015E2FB /* Astro 1UITests.xctest */;
			productType = "com.apple.product-type.bundle.ui-testing";
		};
/* End PBXNativeTarget section */

/* Begin PBXProject section */
		9DD909A12A7BA8620015E2FB /* Project object */ = {
			isa = PBXProject;
			attributes = {
				BuildIndependentTargetsInParallel = 1;
				LastSwiftUpdateCheck = 1430;
				LastUpgradeCheck = 1430;
				TargetAttributes = {
					9DD909A82A7BA8620015E2FB = {
						CreatedOnToolsVersion = 14.3.1;
					};
					9DD909C12A7BA8630015E2FB = {
						CreatedOnToolsVersion = 14.3.1;
						TestTargetID = 9DD909A82A7BA8620015E2FB;
					};
					9DD909CB2A7BA8630015E2FB = {
						CreatedOnToolsVersion = 14.3.1;
						TestTargetID = 9DD909A82A7BA8620015E2FB;
					};
				};
			};
			buildConfigurationList = 9DD909A42A7BA8620015E2FB /* Build configuration list for PBXProject "Astro 1" */;
			compatibilityVersion = "Xcode 14.0";
			developmentRegion = en;
			hasScannedForEncodings = 0;
			knownRegions = (
				en,
				Base,
			);
			mainGroup = 9DD909A02A7BA8620015E2FB;
			productRefGroup = 9DD909AA2A7BA8620015E2FB /* Products */;
			projectDirPath = "";
			projectRoot = "";
			targets = (
				9DD909A82A7BA8620015E2FB /* Astro 1 */,
				9DD909C12A7BA8630015E2FB /* Astro 1Tests */,
				9DD909CB2A7BA8630015E2FB /* Astro 1UITests */,
			);
		};
/* End PBXProject section */

/* Begin PBXResourcesBuildPhase section */
		9DD909A72A7BA8620015E2FB /* Resources */ = {
			isa = PBXResourcesBuildPhase;
			buildActionMask = 2147483647;
			files = (
				9DD909B82A7BA8620015E2FB /* Main.storyboard in Resources */,
				9DD909AF2A7BA8620015E2FB /* GameScene.sks in Resources */,
				9DD909BA2A7BA8630015E2FB /* Assets.xcassets in Resources */,
				9DD909BD2A7BA8630015E2FB /* LaunchScreen.storyboard in Resources */,
				9DD909B12A7BA8620015E2FB /* Actions.sks in Resources */,
			);
			runOnlyForDeploymentPostprocessing = 0;
		};
		9DD909C02A7BA8630015E2FB /* Resources */ = {
			isa = PBXResourcesBuildPhase;
			buildActionMask = 2147483647;
			files = (
			);
			runOnlyForDeploymentPostprocessing = 0;
		};
		9DD909CA2A7BA8630015E2FB /* Resources */ = {
			isa = PBXResourcesBuildPhase;
			buildActionMask = 2147483647;
			files = (
			);
			runOnlyForDeploymentPostprocessing = 0;
		};
/* End PBXResourcesBuildPhase section */

/* Begin PBXSourcesBuildPhase section */
		9DD909A52A7BA8620015E2FB /* Sources */ = {
			isa = PBXSourcesBuildPhase;
			buildActionMask = 2147483647;
			files = (
				9DD909B32A7BA8620015E2FB /* GameScene.swift in Sources */,
				9DD909B52A7BA8620015E2FB /* GameViewController.swift in Sources */,
				9DD909AD2A7BA8620015E2FB /* AppDelegate.swift in Sources */,
			);
			runOnlyForDeploymentPostprocessing = 0;
		};
		9DD909BE2A7BA8630015E2FB /* Sources */ = {
			isa = PBXSourcesBuildPhase;
			buildActionMask = 2147483647;
			files = (
				9DD909C72A7BA8630015E2FB /* Astro_1Tests.swift in Sources */,
			);
			runOnlyForDeploymentPostprocessing = 0;
		};
		9DD909C82A7BA8630015E2FB /* Sources */ = {
			isa = PBXSourcesBuildPhase;
			buildActionMask = 2147483647;
			files = (
				9DD909D32A7BA8630015E2FB /* Astro_1UITestsLaunchTests.swift in Sources */,
				9DD909D12A7BA8630015E2FB /* Astro_1UITests.swift in Sources */,
			);
			runOnlyForDeploymentPostprocessing = 0;
		};
/* End PBXSourcesBuildPhase section */

/* Begin PBXTargetDependency section */
		9DD909C42A7BA8630015E2FB /* PBXTargetDependency */ = {
			isa = PBXTargetDependency;
			target = 9DD909A82A7BA8620015E2FB /* Astro 1 */;
			targetProxy = 9DD909C32A7BA8630015E2FB /* PBXContainerItemProxy */;
		};
		9DD909CE2A7BA8630015E2FB /* PBXTargetDependency */ = {
			isa = PBXTargetDependency;
			target = 9DD909A82A7BA8620015E2FB /* Astro 1 */;
			targetProxy = 9DD909CD2A7BA8630015E2FB /* PBXContainerItemProxy */;
		};
/* End PBXTargetDependency section */

/* Begin PBXVariantGroup section */
		9DD909B62A7BA8620015E2FB /* Main.storyboard */ = {
			isa = PBXVariantGroup;
			children = (
				9DD909B72A7BA8620015E2FB /* Base */,
			);
			name = Main.storyboard;
			sourceTree = "<group>";
		};
		9DD909BB2A7BA8630015E2FB /* LaunchScreen.storyboard */ = {
			isa = PBXVariantGroup;
			children = (
				9DD909BC2A7BA8630015E2FB /* Base */,
			);
			name = LaunchScreen.storyboard;
			sourceTree = "<group>";
		};
/* End PBXVariantGroup section */

/* Begin XCBuildConfiguration section */
		9DD909D42A7BA8630015E2FB /* Debug */ = {
			isa = XCBuildConfiguration;
			buildSettings = {
				ALWAYS_SEARCH_USER_PATHS = NO;
				CLANG_ANALYZER_NONNULL = YES;
				CLANG_ANALYZER_NUMBER_OBJECT_CONVERSION = YES_AGGRESSIVE;
				CLANG_CXX_LANGUAGE_STANDARD = "gnu++20";
				CLANG_ENABLE_MODULES = YES;
				CLANG_ENABLE_OBJC_ARC = YES;
				CLANG_ENABLE_OBJC_WEAK = YES;
				CLANG_WARN_BLOCK_CAPTURE_AUTORELEASING = YES;
				CLANG_WARN_BOOL_CONVERSION = YES;
				CLANG_WARN_COMMA = YES;
				CLANG_WARN_CONSTANT_CONVERSION = YES;
				CLANG_WARN_DEPRECATED_OBJC_IMPLEMENTATIONS = YES;
				CLANG_WARN_DIRECT_OBJC_ISA_USAGE = YES_ERROR;
				CLANG_WARN_DOCUMENTATION_COMMENTS = YES;
				CLANG_WARN_EMPTY_BODY = YES;
				CLANG_WARN_ENUM_CONVERSION = YES;
				CLANG_WARN_INFINITE_RECURSION = YES;
				CLANG_WARN_INT_CONVERSION = YES;
				CLANG_WARN_NON_LITERAL_NULL_CONVERSION = YES;
				CLANG_WARN_OBJC_IMPLICIT_RETAIN_SELF = YES;
				CLANG_WARN_OBJC_LITERAL_CONVERSION = YES;
				CLANG_WARN_OBJC_ROOT_CLASS = YES_ERROR;
				CLANG_WARN_QUOTED_INCLUDE_IN_FRAMEWORK_HEADER = YES;
				CLANG_WARN_RANGE_LOOP_ANALYSIS = YES;
				CLANG_WARN_STRICT_PROTOTYPES = YES;
				CLANG_WARN_SUSPICIOUS_MOVE = YES;
				CLANG_WARN_UNGUARDED_AVAILABILITY = YES_AGGRESSIVE;
				CLANG_WARN_UNREACHABLE_CODE = YES;
				CLANG_WARN__DUPLICATE_METHOD_MATCH = YES;
				COPY_PHASE_STRIP = NO;
				DEBUG_INFORMATION_FORMAT = dwarf;
				ENABLE_STRICT_OBJC_MSGSEND = YES;
				ENABLE_TESTABILITY = YES;
				GCC_C_LANGUAGE_STANDARD = gnu11;
				GCC_DYNAMIC_NO_PIC = NO;
				GCC_NO_COMMON_BLOCKS = YES;
				GCC_OPTIMIZATION_LEVEL = 0;
				GCC_PREPROCESSOR_DEFINITIONS = (
					"DEBUG=1",
					"$(inherited)",
				);
				GCC_WARN_64_TO_32_BIT_CONVERSION = YES;
				GCC_WARN_ABOUT_RETURN_TYPE = YES_ERROR;
				GCC_WARN_UNDECLARED_SELECTOR = YES;
				GCC_WARN_UNINITIALIZED_AUTOS = YES_AGGRESSIVE;
				GCC_WARN_UNUSED_FUNCTION = YES;
				GCC_WARN_UNUSED_VARIABLE = YES;
				IPHONEOS_DEPLOYMENT_TARGET = 16.4;
				MTL_ENABLE_DEBUG_INFO = INCLUDE_SOURCE;
				MTL_FAST_MATH = YES;
				ONLY_ACTIVE_ARCH = YES;
				SDKROOT = iphoneos;
				SWIFT_ACTIVE_COMPILATION_CONDITIONS = DEBUG;
				SWIFT_OPTIMIZATION_LEVEL = "-Onone";
			};
			name = Debug;
		};
		9DD909D52A7BA8630015E2FB /* Release */ = {
			isa = XCBuildConfiguration;
			buildSettings = {
				ALWAYS_SEARCH_USER_PATHS = NO;
				CLANG_ANALYZER_NONNULL = YES;
				CLANG_ANALYZER_NUMBER_OBJECT_CONVERSION = YES_AGGRESSIVE;
				CLANG_CXX_LANGUAGE_STANDARD = "gnu++20";
				CLANG_ENABLE_MODULES = YES;
				CLANG_ENABLE_OBJC_ARC = YES;
				CLANG_ENABLE_OBJC_WEAK = YES;
				CLANG_WARN_BLOCK_CAPTURE_AUTORELEASING = YES;
				CLANG_WARN_BOOL_CONVERSION = YES;
				CLANG_WARN_COMMA = YES;
				CLANG_WARN_CONSTANT_CONVERSION = YES;
				CLANG_WARN_DEPRECATED_OBJC_IMPLEMENTATIONS = YES;
				CLANG_WARN_DIRECT_OBJC_ISA_USAGE = YES_ERROR;
				CLANG_WARN_DOCUMENTATION_COMMENTS = YES;
				CLANG_WARN_EMPTY_BODY = YES;
				CLANG_WARN_ENUM_CONVERSION = YES;
				CLANG_WARN_INFINITE_RECURSION = YES;
				CLANG_WARN_INT_CONVERSION = YES;
				CLANG_WARN_NON_LITERAL_NULL_CONVERSION = YES;
				CLANG_WARN_OBJC_IMPLICIT_RETAIN_SELF = YES;
				CLANG_WARN_OBJC_LITERAL_CONVERSION = YES;
				CLANG_WARN_OBJC_ROOT_CLASS = YES_ERROR;
				CLANG_WARN_QUOTED_INCLUDE_IN_FRAMEWORK_HEADER = YES;
				CLANG_WARN_RANGE_LOOP_ANALYSIS = YES;
				CLANG_WARN_STRICT_PROTOTYPES = YES;
				CLANG_WARN_SUSPICIOUS_MOVE = YES;
				CLANG_WARN_UNGUARDED_AVAILABILITY = YES_AGGRESSIVE;
				CLANG_WARN_UNREACHABLE_CODE = YES;
				CLANG_WARN__DUPLICATE_METHOD_MATCH = YES;
				COPY_PHASE_STRIP = NO;
				DEBUG_INFORMATION_FORMAT = "dwarf-with-dsym";
				ENABLE_NS_ASSERTIONS = NO;
				ENABLE_STRICT_OBJC_MSGSEND = YES;
				GCC_C_LANGUAGE_STANDARD = gnu11;
				GCC_NO_COMMON_BLOCKS = YES;
				GCC_WARN_64_TO_32_BIT_CONVERSION = YES;
				GCC_WARN_ABOUT_RETURN_TYPE = YES_ERROR;
				GCC_WARN_UNDECLARED_SELECTOR = YES;
				GCC_WARN_UNINITIALIZED_AUTOS = YES_AGGRESSIVE;
				GCC_WARN_UNUSED_FUNCTION = YES;
				GCC_WARN_UNUSED_VARIABLE = YES;
				IPHONEOS_DEPLOYMENT_TARGET = 16.4;
				MTL_ENABLE_DEBUG_INFO = NO;
				MTL_FAST_MATH = YES;
				SDKROOT = iphoneos;
				SWIFT_COMPILATION_MODE = wholemodule;
				SWIFT_OPTIMIZATION_LEVEL = "-O";
				VALIDATE_PRODUCT = YES;
			};
			name = Release;
		};
		9DD909D72A7BA8630015E2FB /* Debug */ = {
			isa = XCBuildConfiguration;
			buildSettings = {
				ASSETCATALOG_COMPILER_APPICON_NAME = AppIcon;
				ASSETCATALOG_COMPILER_GLOBAL_ACCENT_COLOR_NAME = AccentColor;
				CODE_SIGN_STYLE = Automatic;
				CURRENT_PROJECT_VERSION = 1;
				DEVELOPMENT_TEAM = K84U855N24;
				GENERATE_INFOPLIST_FILE = YES;
				INFOPLIST_KEY_UIApplicationSupportsIndirectInputEvents = YES;
				INFOPLIST_KEY_UILaunchStoryboardName = LaunchScreen;
				INFOPLIST_KEY_UIMainStoryboardFile = Main;
				INFOPLIST_KEY_UIStatusBarHidden = YES;
				INFOPLIST_KEY_UISupportedInterfaceOrientations_iPad = "UIInterfaceOrientationPortrait UIInterfaceOrientationPortraitUpsideDown UIInterfaceOrientationLandscapeLeft UIInterfaceOrientationLandscapeRight";
				INFOPLIST_KEY_UISupportedInterfaceOrientations_iPhone = "UIInterfaceOrientationPortrait UIInterfaceOrientationLandscapeLeft UIInterfaceOrientationLandscapeRight";
				LD_RUNPATH_SEARCH_PATHS = (
					"$(inherited)",
					"@executable_path/Frameworks",
				);
				MARKETING_VERSION = 1.0;
				PRODUCT_BUNDLE_IDENTIFIER = "StellarX.Astro-1";
				PRODUCT_NAME = "$(TARGET_NAME)";
				SWIFT_EMIT_LOC_STRINGS = YES;
				SWIFT_VERSION = 5.0;
				TARGETED_DEVICE_FAMILY = "1,2";
			};
			name = Debug;
		};
		9DD909D82A7BA8630015E2FB /* Release */ = {
			isa = XCBuildConfiguration;
			buildSettings = {
				ASSETCATALOG_COMPILER_APPICON_NAME = AppIcon;
				ASSETCATALOG_COMPILER_GLOBAL_ACCENT_COLOR_NAME = AccentColor;
				CODE_SIGN_STYLE = Automatic;
				CURRENT_PROJECT_VERSION = 1;
				DEVELOPMENT_TEAM = K84U855N24;
				GENERATE_INFOPLIST_FILE = YES;
				INFOPLIST_KEY_UIApplicationSupportsIndirectInputEvents = YES;
				INFOPLIST_KEY_UILaunchStoryboardName = LaunchScreen;
				INFOPLIST_KEY_UIMainStoryboardFile = Main;
				INFOPLIST_KEY_UIStatusBarHidden = YES;
				INFOPLIST_KEY_UISupportedInterfaceOrientations_iPad = "UIInterfaceOrientationPortrait UIInterfaceOrientationPortraitUpsideDown UIInterfaceOrientationLandscapeLeft UIInterfaceOrientationLandscapeRight";
				INFOPLIST_KEY_UISupportedInterfaceOrientations_iPhone = "UIInterfaceOrientationPortrait UIInterfaceOrientationLandscapeLeft UIInterfaceOrientationLandscapeRight";
				LD_RUNPATH_SEARCH_PATHS = (
					"$(inherited)",
					"@executable_path/Frameworks",
				);
				MARKETING_VERSION = 1.0;
				PRODUCT_BUNDLE_IDENTIFIER = "StellarX.Astro-1";
				PRODUCT_NAME = "$(TARGET_NAME)";
				SWIFT_EMIT_LOC_STRINGS = YES;
				SWIFT_VERSION = 5.0;
				TARGETED_DEVICE_FAMILY = "1,2";
			};
			name = Release;
		};
		9DD909DA2A7BA8630015E2FB /* Debug */ = {
			isa = XCBuildConfiguration;
			buildSettings = {
				ALWAYS_EMBED_SWIFT_STANDARD_LIBRARIES = YES;
				BUNDLE_LOADER = "$(TEST_HOST)";
				CODE_SIGN_STYLE = Automatic;
				CURRENT_PROJECT_VERSION = 1;
				DEVELOPMENT_TEAM = K84U855N24;
				GENERATE_INFOPLIST_FILE = YES;
				IPHONEOS_DEPLOYMENT_TARGET = 16.4;
				MARKETING_VERSION = 1.0;
				PRODUCT_BUNDLE_IDENTIFIER = "StellarX.Astro-1Tests";
				PRODUCT_NAME = "$(TARGET_NAME)";
				SWIFT_EMIT_LOC_STRINGS = NO;
				SWIFT_VERSION = 5.0;
				TARGETED_DEVICE_FAMILY = "1,2";
				TEST_HOST = "$(BUILT_PRODUCTS_DIR)/Astro 1.app/$(BUNDLE_EXECUTABLE_FOLDER_PATH)/Astro 1";
			};
			name = Debug;
		};
		9DD909DB2A7BA8630015E2FB /* Release */ = {
			isa = XCBuildConfiguration;
			buildSettings = {
				ALWAYS_EMBED_SWIFT_STANDARD_LIBRARIES = YES;
				BUNDLE_LOADER = "$(TEST_HOST)";
				CODE_SIGN_STYLE = Automatic;
				CURRENT_PROJECT_VERSION = 1;
				DEVELOPMENT_TEAM = K84U855N24;
				GENERATE_INFOPLIST_FILE = YES;
				IPHONEOS_DEPLOYMENT_TARGET = 16.4;
				MARKETING_VERSION = 1.0;
				PRODUCT_BUNDLE_IDENTIFIER = "StellarX.Astro-1Tests";
				PRODUCT_NAME = "$(TARGET_NAME)";
				SWIFT_EMIT_LOC_STRINGS = NO;
				SWIFT_VERSION = 5.0;
				TARGETED_DEVICE_FAMILY = "1,2";
				TEST_HOST = "$(BUILT_PRODUCTS_DIR)/Astro 1.app/$(BUNDLE_EXECUTABLE_FOLDER_PATH)/Astro 1";
			};
			name = Release;
		};
		9DD909DD2A7BA8630015E2FB /* Debug */ = {
			isa = XCBuildConfiguration;
			buildSettings = {
				ALWAYS_EMBED_SWIFT_STANDARD_LIBRARIES = YES;
				CODE_SIGN_STYLE = Automatic;
				CURRENT_PROJECT_VERSION = 1;
				DEVELOPMENT_TEAM = K84U855N24;
				GENERATE_INFOPLIST_FILE = YES;
				MARKETING_VERSION = 1.0;
				PRODUCT_BUNDLE_IDENTIFIER = "StellarX.Astro-1UITests";
				PRODUCT_NAME = "$(TARGET_NAME)";
				SWIFT_EMIT_LOC_STRINGS = NO;
				SWIFT_VERSION = 5.0;
				TARGETED_DEVICE_FAMILY = "1,2";
				TEST_TARGET_NAME = "Astro 1";
			};
			name = Debug;
		};
		9DD909DE2A7BA8630015E2FB /* Release */ = {
			isa = XCBuildConfiguration;
			buildSettings = {
				ALWAYS_EMBED_SWIFT_STANDARD_LIBRARIES = YES;
				CODE_SIGN_STYLE = Automatic;
				CURRENT_PROJECT_VERSION = 1;
				DEVELOPMENT_TEAM = K84U855N24;
				GENERATE_INFOPLIST_FILE = YES;
				MARKETING_VERSION = 1.0;
				PRODUCT_BUNDLE_IDENTIFIER = "StellarX.Astro-1UITests";
				PRODUCT_NAME = "$(TARGET_NAME)";
				SWIFT_EMIT_LOC_STRINGS = NO;
				SWIFT_VERSION = 5.0;
				TARGETED_DEVICE_FAMILY = "1,2";
				TEST_TARGET_NAME = "Astro 1";
			};
			name = Release;
		};
/* End XCBuildConfiguration section */

/* Begin XCConfigurationList section */
		9DD909A42A7BA8620015E2FB /* Build configuration list for PBXProject "Astro 1" */ = {
			isa = XCConfigurationList;
			buildConfigurations = (
				9DD909D42A7BA8630015E2FB /* Debug */,
				9DD909D52A7BA8630015E2FB /* Release */,
			);
			defaultConfigurationIsVisible = 0;
			defaultConfigurationName = Release;
		};
		9DD909D62A7BA8630015E2FB /* Build configuration list for PBXNativeTarget "Astro 1" */ = {
			isa = XCConfigurationList;
			buildConfigurations = (
				9DD909D72A7BA8630015E2FB /* Debug */,
				9DD909D82A7BA8630015E2FB /* Release */,
			);
			defaultConfigurationIsVisible = 0;
			defaultConfigurationName = Release;
		};
		9DD909D92A7BA8630015E2FB /* Build configuration list for PBXNativeTarget "Astro 1Tests" */ = {
			isa = XCConfigurationList;
			buildConfigurations = (
				9DD909DA2A7BA8630015E2FB /* Debug */,
				9DD909DB2A7BA8630015E2FB /* Release */,
			);
			defaultConfigurationIsVisible = 0;
			defaultConfigurationName = Release;
		};
		9DD909DC2A7BA8630015E2FB /* Build configuration list for PBXNativeTarget "Astro 1UITests" */ = {
			isa = XCConfigurationList;
			buildConfigurations = (
				9DD909DD2A7BA8630015E2FB /* Debug */,
				9DD909DE2A7BA8630015E2FB /* Release */,
			);
			defaultConfigurationIsVisible = 0;
			defaultConfigurationName = Release;
		};
/* End XCConfigurationList section */
	};
	rootObject = 9DD909A12A7BA8620015E2FB /* Project object */;
}
